
Microsoft Visual Studio Solution File, Format Version 12.00
# Visual Studio 15
VisualStudioVersion = 15.0.26730.15
MinimumVisualStudioVersion = 10.0.40219.1
Project("{FAE04EC0-301F-11D3-BF4B-00C04F79EFBC}") = "SuS.Data", "SuS.Data\SuS.Data.csproj", "{2B732F02-3187-400F-9B82-9342E031DD86}"
EndProject
Project("{FAE04EC0-301F-11D3-BF4B-00C04F79EFBC}") = "SuS.Web", "SuS.Web\SuS.Web.csproj", "{1CE43707-5E73-43BE-B800-2BB5A41D0BF1}"
EndProject
Project("{FAE04EC0-301F-11D3-BF4B-00C04F79EFBC}") = "SuS.Service", "SuS.Service\SuS.Service.csproj", "{756EED53-50AD-4268-8902-0D4627F18A88}"
EndProject
Global
	GlobalSection(SolutionConfigurationPlatforms) = preSolution
		Debug|Any CPU = Debug|Any CPU
		Release|Any CPU = Release|Any CPU
	EndGlobalSection
	GlobalSection(ProjectConfigurationPlatforms) = postSolution
		{2B732F02-3187-400F-9B82-9342E031DD86}.Debug|Any CPU.ActiveCfg = Debug|Any CPU
		{2B732F02-3187-400F-9B82-9342E031DD86}.Debug|Any CPU.Build.0 = Debug|Any CPU
		{2B732F02-3187-400F-9B82-9342E031DD86}.Release|Any CPU.ActiveCfg = Release|Any CPU
		{2B732F02-3187-400F-9B82-9342E031DD86}.Release|Any CPU.Build.0 = Release|Any CPU
		{1CE43707-5E73-43BE-B800-2BB5A41D0BF1}.Debug|Any CPU.ActiveCfg = Debug|Any CPU
		{1CE43707-5E73-43BE-B800-2BB5A41D0BF1}.Debug|Any CPU.Build.0 = Debug|Any CPU
		{1CE43707-5E73-43BE-B800-2BB5A41D0BF1}.Release|Any CPU.ActiveCfg = Release|Any CPU
		{1CE43707-5E73-43BE-B800-2BB5A41D0BF1}.Release|Any CPU.Build.0 = Release|Any CPU
		{756EED53-50AD-4268-8902-0D4627F18A88}.Debug|Any CPU.ActiveCfg = Debug|Any CPU
		{756EED53-50AD-4268-8902-0D4627F18A88}.Debug|Any CPU.Build.0 = Debug|Any CPU
		{756EED53-50AD-4268-8902-0D4627F18A88}.Release|Any CPU.ActiveCfg = Release|Any CPU
		{756EED53-50AD-4268-8902-0D4627F18A88}.Release|Any CPU.Build.0 = Release|Any CPU
	EndGlobalSection
	GlobalSection(SolutionProperties) = preSolution
		HideSolutionNode = FALSE
	EndGlobalSection
	GlobalSection(ExtensibilityGlobals) = postSolution
		SolutionGuid = {DA47CD31-BDBE-4C47-9A25-4F85DA9B0B27}
	EndGlobalSection
EndGlobal
